
Microsoft Visual Studio Solution File, Format Version 12.00
# Visual Studio Version 16
VisualStudioVersion = 16.0.29209.62
MinimumVisualStudioVersion = 10.0.40219.1
Project("{9A19103F-16F7-4668-BE54-9A1E7A4F7556}") = "Vagalume_v2", "Vagalume_v2.csproj", "{0794E49F-E4B7-4DE5-AC13-948C3CE6AFA9}"
EndProject
Global
	GlobalSection(SolutionConfigurationPlatforms) = preSolution
		Debug|Any CPU = Debug|Any CPU
		Release|Any CPU = Release|Any CPU
	EndGlobalSection
	GlobalSection(ProjectConfigurationPlatforms) = postSolution
		{0794E49F-E4B7-4DE5-AC13-948C3CE6AFA9}.Debug|Any CPU.ActiveCfg = Debug|Any CPU
		{0794E49F-E4B7-4DE5-AC13-948C3CE6AFA9}.Debug|Any CPU.Build.0 = Debug|Any CPU
		{0794E49F-E4B7-4DE5-AC13-948C3CE6AFA9}.Release|Any CPU.ActiveCfg = Release|Any CPU
		{0794E49F-E4B7-4DE5-AC13-948C3CE6AFA9}.Release|Any CPU.Build.0 = Release|Any CPU
	EndGlobalSection
	GlobalSection(SolutionProperties) = preSolution
		HideSolutionNode = FALSE
	EndGlobalSection
	GlobalSection(ExtensibilityGlobals) = postSolution
		SolutionGuid = {646DDAD0-273F-4E08-BF94-705BBE41EB92}
	EndGlobalSection
EndGlobal
